
Microsoft Visual Studio Solution File, Format Version 12.00
# Visual Studio Version 17
VisualStudioVersion = 17.1.32210.238
MinimumVisualStudioVersion = 10.0.40219.1
Project("{9A19103F-16F7-4668-BE54-9A1E7A4F7556}") = "SdkGenerator", "SdkGenerator\SdkGenerator.csproj", "{8310BB4A-0163-49DA-84E8-5D1E449BD79D}"
EndProject
Global
	GlobalSection(SolutionConfigurationPlatforms) = preSolution
		Debug|Any CPU = Debug|Any CPU
		Release|Any CPU = Release|Any CPU
	EndGlobalSection
	GlobalSection(ProjectConfigurationPlatforms) = postSolution
		{8310BB4A-0163-49DA-84E8-5D1E449BD79D}.Debug|Any CPU.ActiveCfg = Debug|Any CPU
		{8310BB4A-0163-49DA-84E8-5D1E449BD79D}.Debug|Any CPU.Build.0 = Debug|Any CPU
		{8310BB4A-0163-49DA-84E8-5D1E449BD79D}.Release|Any CPU.ActiveCfg = Release|Any CPU
		{8310BB4A-0163-49DA-84E8-5D1E449BD79D}.Release|Any CPU.Build.0 = Release|Any CPU
	EndGlobalSection
	GlobalSection(SolutionProperties) = preSolution
		HideSolutionNode = FALSE
	EndGlobalSection
	GlobalSection(ExtensibilityGlobals) = postSolution
		SolutionGuid = {1F7C5CFC-2E10-462B-A4B1-820B55584165}
	EndGlobalSection
EndGlobal
