{
  "requires": true,
  "lockfileVersion": 1,
  "dependencies": {
    "@types/node": {
      "version": "17.0.8",
      "resolved": "https://registry.npmjs.org/@types/node/-/node-17.0.8.tgz",
      "integrity": "sha512-YofkM6fGv4gDJq78g4j0mMuGMkZVxZDgtU0JRdx6FgiJDG+0fY0GKVolOV8WqVmEhLCXkQRjwDdKyPxJp/uucg==",
      "dev": true
    },
    "axios": {
      "version": "0.24.0",
      "resolved": "https://registry.npmjs.org/axios/-/axios-0.24.0.tgz",
      "integrity": "sha512-Q6cWsys88HoPgAaFAVUb0WpPk0O8iTeisR9IMqy9G8AbO4NlpVknrnQS03zzF9PGAWgO3cgletO3VjV/P7VztA==",
      "requires": {
        "follow-redirects": "^1.14.4"
      }
    },
    "follow-redirects": {
      "version": "1.14.7",
      "resolved": "https://registry.npmjs.org/follow-redirects/-/follow-redirects-1.14.7.tgz",
      "integrity": "sha512-+hbxoLbFMbRKDwohX8GkTataGqO6Jb7jGwpAlwgy2bIz25XtRm7KEzJM76R1WiNT5SwZkX4Y75SwBolkpmE7iQ=="
    },
    "lockstep-sdk": {
      "version": "2021.39.692",
      "resolved": "https://registry.npmjs.org/lockstep-sdk/-/lockstep-sdk-2021.39.692.tgz",
      "integrity": "sha512-CuZH2ESJk7dbeGYLm6inadgf+Pc7v/3gOE0upf97hg9ZTpQqyuMeuOOinqUmtNd9qc8np5JpFtefAcxRtCo+bA==",
      "requires": {
        "axios": "^0.24.0"
      }
    },
    "types": {
      "version": "0.1.1",
      "resolved": "https://registry.npmjs.org/types/-/types-0.1.1.tgz",
      "integrity": "sha1-hgxoWdETZik/g12Mla68+VApg44="
    },
    "typescript": {
      "version": "4.5.4",
      "resolved": "https://registry.npmjs.org/typescript/-/typescript-4.5.4.tgz",
      "integrity": "sha512-VgYs2A2QIRuGphtzFV7aQJduJ2gyfTljngLzjpfW9FoYZF6xuw1W0vW9ghCKLfcWrCFxK81CSGRAvS1pn4fIUg=="
    }
  }
}
